
Microsoft Visual Studio Solution File, Format Version 12.00
# Visual Studio 15
VisualStudioVersion = 15.0.27130.2010
MinimumVisualStudioVersion = 10.0.40219.1
Project("{2150E333-8FDC-42A3-9474-1A3956D46DE8}") = "Engine", "Engine", "{226A9E49-A0CA-4F1C-8E94-C1D5EF2D73BE}"
EndProject
Project("{2150E333-8FDC-42A3-9474-1A3956D46DE8}") = "Games", "Games", "{DFF862BD-91B0-411B-B359-20CF1E74F9B5}"
EndProject
Project("{8BC9CEB8-8B4A-11D0-8D11-00A0C91BC942}") = "UE4", "Intermediate\ProjectFiles\UE4.vcxproj", "{15BEDCD4-148E-47C9-89BD-F0D6CDA94C7F}"
EndProject
Project("{8BC9CEB8-8B4A-11D0-8D11-00A0C91BC942}") = "Empath", "Intermediate\ProjectFiles\Empath.vcxproj", "{56346822-914A-4773-8C4C-817F8DE8610D}"
EndProject
Global
	GlobalSection(SolutionConfigurationPlatforms) = preSolution
		DebugGame Editor|HTML5 = DebugGame Editor|HTML5
		DebugGame Editor|Win32 = DebugGame Editor|Win32
		DebugGame Editor|Win64 = DebugGame Editor|Win64
		DebugGame|HTML5 = DebugGame|HTML5
		DebugGame|Win32 = DebugGame|Win32
		DebugGame|Win64 = DebugGame|Win64
		Development Editor|HTML5 = Development Editor|HTML5
		Development Editor|Win32 = Development Editor|Win32
		Development Editor|Win64 = Development Editor|Win64
		Development|HTML5 = Development|HTML5
		Development|Win32 = Development|Win32
		Development|Win64 = Development|Win64
		Shipping|HTML5 = Shipping|HTML5
		Shipping|Win32 = Shipping|Win32
		Shipping|Win64 = Shipping|Win64
	EndGlobalSection
	GlobalSection(ProjectConfigurationPlatforms) = postSolution
		{15BEDCD4-148E-47C9-89BD-F0D6CDA94C7F}.DebugGame Editor|HTML5.ActiveCfg = BuiltWithUnrealBuildTool|Win32
		{15BEDCD4-148E-47C9-89BD-F0D6CDA94C7F}.DebugGame Editor|HTML5.Build.0 = BuiltWithUnrealBuildTool|Win32
		{15BEDCD4-148E-47C9-89BD-F0D6CDA94C7F}.DebugGame Editor|Win32.ActiveCfg = BuiltWithUnrealBuildTool|Win32
		{15BEDCD4-148E-47C9-89BD-F0D6CDA94C7F}.DebugGame Editor|Win32.Build.0 = BuiltWithUnrealBuildTool|Win32
		{15BEDCD4-148E-47C9-89BD-F0D6CDA94C7F}.DebugGame Editor|Win64.ActiveCfg = BuiltWithUnrealBuildTool|Win32
		{15BEDCD4-148E-47C9-89BD-F0D6CDA94C7F}.DebugGame Editor|Win64.Build.0 = BuiltWithUnrealBuildTool|Win32
		{15BEDCD4-148E-47C9-89BD-F0D6CDA94C7F}.DebugGame|HTML5.ActiveCfg = BuiltWithUnrealBuildTool|Win32
		{15BEDCD4-148E-47C9-89BD-F0D6CDA94C7F}.DebugGame|HTML5.Build.0 = BuiltWithUnrealBuildTool|Win32
		{15BEDCD4-148E-47C9-89BD-F0D6CDA94C7F}.DebugGame|Win32.ActiveCfg = BuiltWithUnrealBuildTool|Win32
		{15BEDCD4-148E-47C9-89BD-F0D6CDA94C7F}.DebugGame|Win32.Build.0 = BuiltWithUnrealBuildTool|Win32
		{15BEDCD4-148E-47C9-89BD-F0D6CDA94C7F}.DebugGame|Win64.ActiveCfg = BuiltWithUnrealBuildTool|Win32
		{15BEDCD4-148E-47C9-89BD-F0D6CDA94C7F}.DebugGame|Win64.Build.0 = BuiltWithUnrealBuildTool|Win32
		{15BEDCD4-148E-47C9-89BD-F0D6CDA94C7F}.Development Editor|HTML5.ActiveCfg = BuiltWithUnrealBuildTool|Win32
		{15BEDCD4-148E-47C9-89BD-F0D6CDA94C7F}.Development Editor|HTML5.Build.0 = BuiltWithUnrealBuildTool|Win32
		{15BEDCD4-148E-47C9-89BD-F0D6CDA94C7F}.Development Editor|Win32.ActiveCfg = BuiltWithUnrealBuildTool|Win32
		{15BEDCD4-148E-47C9-89BD-F0D6CDA94C7F}.Development Editor|Win32.Build.0 = BuiltWithUnrealBuildTool|Win32
		{15BEDCD4-148E-47C9-89BD-F0D6CDA94C7F}.Development Editor|Win64.ActiveCfg = BuiltWithUnrealBuildTool|Win32
		{15BEDCD4-148E-47C9-89BD-F0D6CDA94C7F}.Development Editor|Win64.Build.0 = BuiltWithUnrealBuildTool|Win32
		{15BEDCD4-148E-47C9-89BD-F0D6CDA94C7F}.Development|HTML5.ActiveCfg = BuiltWithUnrealBuildTool|Win32
		{15BEDCD4-148E-47C9-89BD-F0D6CDA94C7F}.Development|HTML5.Build.0 = BuiltWithUnrealBuildTool|Win32
		{15BEDCD4-148E-47C9-89BD-F0D6CDA94C7F}.Development|Win32.ActiveCfg = BuiltWithUnrealBuildTool|Win32
		{15BEDCD4-148E-47C9-89BD-F0D6CDA94C7F}.Development|Win32.Build.0 = BuiltWithUnrealBuildTool|Win32
		{15BEDCD4-148E-47C9-89BD-F0D6CDA94C7F}.Development|Win64.ActiveCfg = BuiltWithUnrealBuildTool|Win32
		{15BEDCD4-148E-47C9-89BD-F0D6CDA94C7F}.Development|Win64.Build.0 = BuiltWithUnrealBuildTool|Win32
		{15BEDCD4-148E-47C9-89BD-F0D6CDA94C7F}.Shipping|HTML5.ActiveCfg = BuiltWithUnrealBuildTool|Win32
		{15BEDCD4-148E-47C9-89BD-F0D6CDA94C7F}.Shipping|HTML5.Build.0 = BuiltWithUnrealBuildTool|Win32
		{15BEDCD4-148E-47C9-89BD-F0D6CDA94C7F}.Shipping|Win32.ActiveCfg = BuiltWithUnrealBuildTool|Win32
		{15BEDCD4-148E-47C9-89BD-F0D6CDA94C7F}.Shipping|Win32.Build.0 = BuiltWithUnrealBuildTool|Win32
		{15BEDCD4-148E-47C9-89BD-F0D6CDA94C7F}.Shipping|Win64.ActiveCfg = BuiltWithUnrealBuildTool|Win32
		{15BEDCD4-148E-47C9-89BD-F0D6CDA94C7F}.Shipping|Win64.Build.0 = BuiltWithUnrealBuildTool|Win32
		{56346822-914A-4773-8C4C-817F8DE8610D}.DebugGame Editor|HTML5.ActiveCfg = HTML5_DebugGame_Editor|Win32
		{56346822-914A-4773-8C4C-817F8DE8610D}.DebugGame Editor|Win32.ActiveCfg = DebugGame_Editor|Win32
		{56346822-914A-4773-8C4C-817F8DE8610D}.DebugGame Editor|Win64.ActiveCfg = DebugGame_Editor|x64
		{56346822-914A-4773-8C4C-817F8DE8610D}.DebugGame Editor|Win64.Build.0 = DebugGame_Editor|x64
		{56346822-914A-4773-8C4C-817F8DE8610D}.DebugGame|HTML5.ActiveCfg = HTML5_DebugGame_Game|Win32
		{56346822-914A-4773-8C4C-817F8DE8610D}.DebugGame|HTML5.Build.0 = HTML5_DebugGame_Game|Win32
		{56346822-914A-4773-8C4C-817F8DE8610D}.DebugGame|Win32.ActiveCfg = DebugGame_Game|Win32
		{56346822-914A-4773-8C4C-817F8DE8610D}.DebugGame|Win32.Build.0 = DebugGame_Game|Win32
		{56346822-914A-4773-8C4C-817F8DE8610D}.DebugGame|Win64.ActiveCfg = DebugGame_Game|x64
		{56346822-914A-4773-8C4C-817F8DE8610D}.DebugGame|Win64.Build.0 = DebugGame_Game|x64
		{56346822-914A-4773-8C4C-817F8DE8610D}.Development Editor|HTML5.ActiveCfg = HTML5_Development_Editor|Win32
		{56346822-914A-4773-8C4C-817F8DE8610D}.Development Editor|Win32.ActiveCfg = Development_Editor|Win32
		{56346822-914A-4773-8C4C-817F8DE8610D}.Development Editor|Win64.ActiveCfg = Development_Editor|x64
		{56346822-914A-4773-8C4C-817F8DE8610D}.Development Editor|Win64.Build.0 = Development_Editor|x64
		{56346822-914A-4773-8C4C-817F8DE8610D}.Development|HTML5.ActiveCfg = HTML5_Development_Game|Win32
		{56346822-914A-4773-8C4C-817F8DE8610D}.Development|HTML5.Build.0 = HTML5_Development_Game|Win32
		{56346822-914A-4773-8C4C-817F8DE8610D}.Development|Win32.ActiveCfg = Development_Game|Win32
		{56346822-914A-4773-8C4C-817F8DE8610D}.Development|Win32.Build.0 = Development_Game|Win32
		{56346822-914A-4773-8C4C-817F8DE8610D}.Development|Win64.ActiveCfg = Development_Game|x64
		{56346822-914A-4773-8C4C-817F8DE8610D}.Development|Win64.Build.0 = Development_Game|x64
		{56346822-914A-4773-8C4C-817F8DE8610D}.Shipping|HTML5.ActiveCfg = HTML5_Shipping_Game|Win32
		{56346822-914A-4773-8C4C-817F8DE8610D}.Shipping|HTML5.Build.0 = HTML5_Shipping_Game|Win32
		{56346822-914A-4773-8C4C-817F8DE8610D}.Shipping|Win32.ActiveCfg = Shipping_Game|Win32
		{56346822-914A-4773-8C4C-817F8DE8610D}.Shipping|Win32.Build.0 = Shipping_Game|Win32
		{56346822-914A-4773-8C4C-817F8DE8610D}.Shipping|Win64.ActiveCfg = Shipping_Game|x64
		{56346822-914A-4773-8C4C-817F8DE8610D}.Shipping|Win64.Build.0 = Shipping_Game|x64
	EndGlobalSection
	GlobalSection(SolutionProperties) = preSolution
		HideSolutionNode = FALSE
	EndGlobalSection
	GlobalSection(NestedProjects) = preSolution
		{15BEDCD4-148E-47C9-89BD-F0D6CDA94C7F} = {226A9E49-A0CA-4F1C-8E94-C1D5EF2D73BE}
		{56346822-914A-4773-8C4C-817F8DE8610D} = {DFF862BD-91B0-411B-B359-20CF1E74F9B5}
	EndGlobalSection
	GlobalSection(ExtensibilityGlobals) = postSolution
		SolutionGuid = {BA8BB12A-BC68-47CF-A8E9-74E2E8195101}
	EndGlobalSection
EndGlobal
